
Microsoft Visual Studio Solution File, Format Version 12.00
# Visual Studio Version 17
VisualStudioVersion = 17.0.31903.59
MinimumVisualStudioVersion = 10.0.40219.1
Project("{2150E333-8FDC-42A3-9474-1A3956D46DE8}") = "src", "src", "{6A6F5200-8478-4CEB-BD20-72BDAAB7B25C}"
EndProject
Project("{FAE04EC0-301F-11D3-BF4B-00C04F79EFBC}") = "wachturm.Api", "src\wachturm.api\wachturm.Api.csproj", "{A0DD7FB6-0005-466F-BA66-F7436B5DD8FE}"
EndProject
Project("{FAE04EC0-301F-11D3-BF4B-00C04F79EFBC}") = "wachturm.Worker", "src\wachturm.worker\wachturm.Worker.csproj", "{BCD2326C-AB37-4B07-9F88-B70EC463544D}"
EndProject
Global
	GlobalSection(SolutionConfigurationPlatforms) = preSolution
		Debug|Any CPU = Debug|Any CPU
		Release|Any CPU = Release|Any CPU
	EndGlobalSection
	GlobalSection(SolutionProperties) = preSolution
		HideSolutionNode = FALSE
	EndGlobalSection
	GlobalSection(ProjectConfigurationPlatforms) = postSolution
		{A0DD7FB6-0005-466F-BA66-F7436B5DD8FE}.Debug|Any CPU.ActiveCfg = Debug|Any CPU
		{A0DD7FB6-0005-466F-BA66-F7436B5DD8FE}.Debug|Any CPU.Build.0 = Debug|Any CPU
		{A0DD7FB6-0005-466F-BA66-F7436B5DD8FE}.Release|Any CPU.ActiveCfg = Release|Any CPU
		{A0DD7FB6-0005-466F-BA66-F7436B5DD8FE}.Release|Any CPU.Build.0 = Release|Any CPU
		{BCD2326C-AB37-4B07-9F88-B70EC463544D}.Debug|Any CPU.ActiveCfg = Debug|Any CPU
		{BCD2326C-AB37-4B07-9F88-B70EC463544D}.Debug|Any CPU.Build.0 = Debug|Any CPU
		{BCD2326C-AB37-4B07-9F88-B70EC463544D}.Release|Any CPU.ActiveCfg = Release|Any CPU
		{BCD2326C-AB37-4B07-9F88-B70EC463544D}.Release|Any CPU.Build.0 = Release|Any CPU
	EndGlobalSection
	GlobalSection(NestedProjects) = preSolution
		{A0DD7FB6-0005-466F-BA66-F7436B5DD8FE} = {6A6F5200-8478-4CEB-BD20-72BDAAB7B25C}
		{BCD2326C-AB37-4B07-9F88-B70EC463544D} = {6A6F5200-8478-4CEB-BD20-72BDAAB7B25C}
	EndGlobalSection
EndGlobal
